
# cargo-vet imports lock

[[publisher.aho-corasick]]
version = "1.1.2"
when = "2023-10-09"
user-id = 189
user-login = "BurntSushi"
user-name = "Andrew Gallant"

[[publisher.anstyle]]
version = "1.0.4"
when = "2023-09-28"
user-id = 6743
user-login = "epage"
user-name = "Ed Page"

[[publisher.bumpalo]]
version = "3.14.0"
when = "2023-09-14"
user-id = 696
user-login = "fitzgen"
user-name = "Nick Fitzgerald"

[[publisher.clap_builder]]
version = "4.4.11"
when = "2023-12-04"
user-id = 6743
user-login = "epage"
user-name = "Ed Page"

[[publisher.clap_lex]]
version = "0.6.0"
when = "2023-10-24"
user-id = 6743
user-login = "epage"
user-name = "Ed Page"

[[publisher.equivalent]]
version = "1.0.1"
when = "2023-07-10"
user-id = 539
user-login = "cuviper"
user-name = "Josh Stone"

[[publisher.errno]]
version = "0.3.8"
when = "2023-11-28"
user-id = 6825
user-login = "sunfishcode"
user-name = "Dan Gohman"

[[publisher.hashbrown]]
version = "0.14.3"
when = "2023-11-26"
user-id = 2915
user-login = "Amanieu"
user-name = "Amanieu d'Antras"

[[publisher.linux-raw-sys]]
version = "0.4.12"
when = "2023-11-30"
user-id = 6825
user-login = "sunfishcode"
user-name = "Dan Gohman"

[[publisher.memchr]]
version = "2.6.4"
when = "2023-10-01"
user-id = 189
user-login = "BurntSushi"
user-name = "Andrew Gallant"

[[publisher.proc-macro2]]
version = "1.0.70"
when = "2023-11-26"
user-id = 3618
user-login = "dtolnay"
user-name = "David Tolnay"

[[publisher.quote]]
version = "1.0.33"
when = "2023-08-17"
user-id = 3618
user-login = "dtolnay"
user-name = "David Tolnay"

[[publisher.regex]]
version = "1.10.2"
when = "2023-10-16"
user-id = 189
user-login = "BurntSushi"
user-name = "Andrew Gallant"

[[publisher.regex-automata]]
version = "0.4.3"
when = "2023-10-16"
user-id = 189
user-login = "BurntSushi"
user-name = "Andrew Gallant"

[[publisher.regex-syntax]]
version = "0.6.29"
when = "2023-03-21"
user-id = 189
user-login = "BurntSushi"
user-name = "Andrew Gallant"

[[publisher.regex-syntax]]
version = "0.8.2"
when = "2023-10-14"
user-id = 189
user-login = "BurntSushi"
user-name = "Andrew Gallant"

[[publisher.rustix]]
version = "0.38.26"
when = "2023-12-01"
user-id = 6825
user-login = "sunfishcode"
user-name = "Dan Gohman"

[[publisher.ryu]]
version = "1.0.15"
when = "2023-07-15"
user-id = 3618
user-login = "dtolnay"
user-name = "David Tolnay"

[[publisher.scopeguard]]
version = "1.2.0"
when = "2023-07-17"
user-id = 2915
user-login = "Amanieu"
user-name = "Amanieu d'Antras"

[[publisher.serde]]
version = "1.0.193"
when = "2023-11-21"
user-id = 3618
user-login = "dtolnay"
user-name = "David Tolnay"

[[publisher.serde_derive]]
version = "1.0.193"
when = "2023-11-21"
user-id = 3618
user-login = "dtolnay"
user-name = "David Tolnay"

[[publisher.serde_json]]
version = "1.0.108"
when = "2023-10-30"
user-id = 3618
user-login = "dtolnay"
user-name = "David Tolnay"

[[publisher.syn]]
version = "1.0.109"
when = "2023-02-24"
user-id = 3618
user-login = "dtolnay"
user-name = "David Tolnay"

[[publisher.syn]]
version = "2.0.39"
when = "2023-11-06"
user-id = 3618
user-login = "dtolnay"
user-name = "David Tolnay"

[[publisher.unicode-ident]]
version = "1.0.12"
when = "2023-09-13"
user-id = 3618
user-login = "dtolnay"
user-name = "David Tolnay"

[[publisher.walkdir]]
version = "2.4.0"
when = "2023-09-05"
user-id = 189
user-login = "BurntSushi"
user-name = "Andrew Gallant"

[[publisher.winapi-util]]
version = "0.1.6"
when = "2023-09-20"
user-id = 189
user-login = "BurntSushi"
user-name = "Andrew Gallant"

[[publisher.windows-sys]]
version = "0.48.0"
when = "2023-03-31"
user-id = 64539
user-login = "kennykerr"
user-name = "Kenny Kerr"

[[publisher.windows-sys]]
version = "0.52.0"
when = "2023-11-15"
user-id = 64539
user-login = "kennykerr"
user-name = "Kenny Kerr"

[[publisher.windows-targets]]
version = "0.48.5"
when = "2023-08-18"
user-id = 64539
user-login = "kennykerr"
user-name = "Kenny Kerr"

[[publisher.windows-targets]]
version = "0.52.0"
when = "2023-11-15"
user-id = 64539
user-login = "kennykerr"
user-name = "Kenny Kerr"

[[publisher.windows_aarch64_gnullvm]]
version = "0.48.5"
when = "2023-08-18"
user-id = 64539
user-login = "kennykerr"
user-name = "Kenny Kerr"

[[publisher.windows_aarch64_gnullvm]]
version = "0.52.0"
when = "2023-11-15"
user-id = 64539
user-login = "kennykerr"
user-name = "Kenny Kerr"

[[publisher.windows_aarch64_msvc]]
version = "0.48.5"
when = "2023-08-18"
user-id = 64539
user-login = "kennykerr"
user-name = "Kenny Kerr"

[[publisher.windows_aarch64_msvc]]
version = "0.52.0"
when = "2023-11-15"
user-id = 64539
user-login = "kennykerr"
user-name = "Kenny Kerr"

[[publisher.windows_i686_gnu]]
version = "0.48.5"
when = "2023-08-18"
user-id = 64539
user-login = "kennykerr"
user-name = "Kenny Kerr"

[[publisher.windows_i686_gnu]]
version = "0.52.0"
when = "2023-11-15"
user-id = 64539
user-login = "kennykerr"
user-name = "Kenny Kerr"

[[publisher.windows_x86_64_gnullvm]]
version = "0.48.5"
when = "2023-08-18"
user-id = 64539
user-login = "kennykerr"
user-name = "Kenny Kerr"

[[publisher.windows_x86_64_gnullvm]]
version = "0.52.0"
when = "2023-11-15"
user-id = 64539
user-login = "kennykerr"
user-name = "Kenny Kerr"

[[audits.bytecode-alliance.wildcard-audits.bumpalo]]
who = "Nick Fitzgerald <fitzgen@gmail.com>"
criteria = "safe-to-deploy"
user-id = 696 # Nick Fitzgerald (fitzgen)
start = "2019-03-16"
end = "2024-03-10"

[[audits.bytecode-alliance.audits.adler]]
who = "Alex Crichton <alex@alexcrichton.com>"
criteria = "safe-to-deploy"
version = "1.0.2"
notes = "This is a small crate which forbids unsafe code and is a straightforward implementation of the adler hashing algorithm."

[[audits.bytecode-alliance.audits.anes]]
who = "Pat Hickey <phickey@fastly.com>"
criteria = "safe-to-deploy"
version = "0.1.6"
notes = "Contains no unsafe code, no IO, no build.rs."

[[audits.bytecode-alliance.audits.fastrand]]
who = "Alex Crichton <alex@alexcrichton.com>"
criteria = "safe-to-deploy"
delta = "2.0.0 -> 2.0.1"
notes = """
This update had a few doc updates but no otherwise-substantial source code
updates.
"""

[[audits.bytecode-alliance.audits.rustc-demangle]]
who = "Alex Crichton <alex@alexcrichton.com>"
criteria = "safe-to-deploy"
version = "0.1.21"
notes = "I am the author of this crate."

[[audits.embark-studios.audits.tap]]
who = "Johan Andersson <opensource@embark-studios.com>"
criteria = "safe-to-deploy"
version = "1.0.1"
notes = "No unsafe usage or ambient capabilities"

[[audits.fermyon.audits.oorandom]]
who = "Radu Matei <radu.matei@fermyon.com>"
criteria = "safe-to-run"
version = "11.1.3"

[[audits.google.audits.addr2line]]
who = "George Burgess IV <gbiv@google.com>"
criteria = "safe-to-run"
version = "0.19.0"
aggregated-from = "https://chromium.googlesource.com/chromiumos/third_party/rust_crates/+/refs/heads/main/cargo-vet/audits.toml?format=TEXT"

[[audits.google.audits.addr2line]]
who = "George Burgess IV <gbiv@google.com>"
criteria = "safe-to-run"
delta = "0.19.0 -> 0.20.0"
aggregated-from = "https://chromium.googlesource.com/chromiumos/third_party/rust_crates/+/refs/heads/main/cargo-vet/audits.toml?format=TEXT"

[[audits.google.audits.addr2line]]
who = "George Burgess IV <gbiv@google.com>"
criteria = "safe-to-run"
delta = "0.20.0 -> 0.21.0"
aggregated-from = "https://chromium.googlesource.com/chromiumos/third_party/rust_crates/+/refs/heads/main/cargo-vet/audits.toml?format=TEXT"

[[audits.google.audits.backtrace]]
who = "George Burgess IV <gbiv@google.com>"
criteria = "safe-to-run"
version = "0.3.67"
aggregated-from = "https://chromium.googlesource.com/chromiumos/third_party/rust_crates/+/refs/heads/main/cargo-vet/audits.toml?format=TEXT"

[[audits.google.audits.backtrace]]
who = "George Burgess IV <gbiv@google.com>"
criteria = "safe-to-run"
delta = "0.3.67 -> 0.3.68"
aggregated-from = "https://chromium.googlesource.com/chromiumos/third_party/rust_crates/+/refs/heads/main/cargo-vet/audits.toml?format=TEXT"

[[audits.google.audits.backtrace]]
who = "George Burgess IV <gbiv@google.com>"
criteria = "safe-to-run"
delta = "0.3.68 -> 0.3.69"
aggregated-from = "https://chromium.googlesource.com/chromiumos/third_party/rust_crates/+/refs/heads/main/cargo-vet/audits.toml?format=TEXT"

[[audits.google.audits.bitflags]]
who = "Dennis Kempin <denniskempin@google.com>"
criteria = "safe-to-run"
delta = "1.3.2 -> 2.2.1"
aggregated-from = "https://chromium.googlesource.com/chromiumos/third_party/rust_crates/+/refs/heads/main/cargo-vet/audits.toml?format=TEXT"

[[audits.google.audits.bitflags]]
who = "George Burgess IV <gbiv@google.com>"
criteria = "safe-to-run"
delta = "2.3.2 -> 2.4.0"
aggregated-from = "https://chromium.googlesource.com/chromiumos/third_party/rust_crates/+/refs/heads/main/cargo-vet/audits.toml?format=TEXT"

[[audits.google.audits.cc]]
who = "George Burgess IV <gbiv@google.com>"
criteria = "safe-to-run"
version = "1.0.79"
aggregated-from = "https://chromium.googlesource.com/chromiumos/third_party/rust_crates/+/refs/heads/main/cargo-vet/audits.toml?format=TEXT"

[[audits.google.audits.cc]]
who = "George Burgess IV <gbiv@google.com>"
criteria = "safe-to-run"
delta = "1.0.79 -> 1.0.82"
aggregated-from = "https://chromium.googlesource.com/chromiumos/third_party/rust_crates/+/refs/heads/main/cargo-vet/audits.toml?format=TEXT"

[[audits.google.audits.cc]]
who = "George Burgess IV <gbiv@google.com>"
criteria = "safe-to-run"
delta = "1.0.82 -> 1.0.83"
aggregated-from = "https://chromium.googlesource.com/chromiumos/third_party/rust_crates/+/refs/heads/main/cargo-vet/audits.toml?format=TEXT"

[[audits.google.audits.cfg-if]]
who = "George Burgess IV <gbiv@google.com>"
criteria = "safe-to-deploy"
version = "1.0.0"
aggregated-from = "https://chromium.googlesource.com/chromiumos/third_party/rust_crates/+/refs/heads/main/cargo-vet/audits.toml?format=TEXT"

[[audits.google.audits.fastrand]]
who = "George Burgess IV <gbiv@google.com>"
criteria = "safe-to-deploy"
version = "1.9.0"
notes = """
`does-not-implement-crypto` is certified because this crate explicitly says
that the RNG here is not cryptographically secure.
"""
aggregated-from = "https://chromium.googlesource.com/chromiumos/third_party/rust_crates/+/refs/heads/main/cargo-vet/audits.toml?format=TEXT"

[[audits.google.audits.getrandom]]
who = "George Burgess IV <gbiv@google.com>"
criteria = "safe-to-run"
version = "0.2.10"
notes = """
While this crate provides crypto methods, they all defer to system or hardware
crypto implementations. Hence, this crate does not implement crypto.
"""
aggregated-from = "https://chromium.googlesource.com/chromiumos/third_party/rust_crates/+/refs/heads/main/cargo-vet/audits.toml?format=TEXT"

[[audits.google.audits.is-terminal]]
who = "George Burgess IV <gbiv@google.com>"
criteria = "safe-to-run"
version = "0.4.2"
aggregated-from = "https://chromium.googlesource.com/chromiumos/third_party/rust_crates/+/refs/heads/main/cargo-vet/audits.toml?format=TEXT"

[[audits.google.audits.is-terminal]]
who = "George Burgess IV <gbiv@google.com>"
criteria = "safe-to-run"
delta = "0.4.2 -> 0.4.9"
aggregated-from = "https://chromium.googlesource.com/chromiumos/third_party/rust_crates/+/refs/heads/main/cargo-vet/audits.toml?format=TEXT"

[[audits.google.audits.itoa]]
who = "ChromeOS"
criteria = "safe-to-run"
version = "1.0.5"
aggregated-from = "https://chromium.googlesource.com/chromiumos/third_party/rust_crates/+/refs/heads/main/cargo-vet/audits.toml?format=TEXT"

[[audits.google.audits.itoa]]
who = "George Burgess IV <gbiv@google.com>"
criteria = "safe-to-run"
delta = "1.0.5 -> 1.0.6"
aggregated-from = "https://chromium.googlesource.com/chromiumos/third_party/rust_crates/+/refs/heads/main/cargo-vet/audits.toml?format=TEXT"

[[audits.google.audits.itoa]]
who = "George Burgess IV <gbiv@google.com>"
criteria = "safe-to-run"
delta = "1.0.6 -> 1.0.9"
aggregated-from = "https://chromium.googlesource.com/chromiumos/third_party/rust_crates/+/refs/heads/main/cargo-vet/audits.toml?format=TEXT"

[[audits.google.audits.log]]
who = "ChromeOS"
criteria = "safe-to-run"
version = "0.4.17"
aggregated-from = "https://chromium.googlesource.com/chromiumos/third_party/rust_crates/+/refs/heads/main/cargo-vet/audits.toml?format=TEXT"

[[audits.google.audits.log]]
who = "George Burgess IV <gbiv@google.com>"
criteria = "safe-to-run"
delta = "0.4.17 -> 0.4.20"
aggregated-from = "https://chromium.googlesource.com/chromiumos/third_party/rust_crates/+/refs/heads/main/cargo-vet/audits.toml?format=TEXT"

[[audits.google.audits.miniz_oxide]]
who = "George Burgess IV <gbiv@google.com>"
criteria = "safe-to-run"
version = "0.6.2"
aggregated-from = "https://chromium.googlesource.com/chromiumos/third_party/rust_crates/+/refs/heads/main/cargo-vet/audits.toml?format=TEXT"

[[audits.google.audits.miniz_oxide]]
who = "George Burgess IV <gbiv@google.com>"
criteria = "safe-to-run"
delta = "0.6.2 -> 0.7.1"
aggregated-from = "https://chromium.googlesource.com/chromiumos/third_party/rust_crates/+/refs/heads/main/cargo-vet/audits.toml?format=TEXT"

[[audits.google.audits.nix]]
who = "David Koloski <dkoloski@google.com>"
criteria = "safe-to-run"
version = "0.26.2"
notes = """
Reviewed on https://fxrev.dev/780283
Issues:
- https://github.com/nix-rust/nix/issues/1975
- https://github.com/nix-rust/nix/issues/1977
- https://github.com/nix-rust/nix/pull/1978
- https://github.com/nix-rust/nix/pull/1979
- https://github.com/nix-rust/nix/issues/1980
- https://github.com/nix-rust/nix/issues/1981
- https://github.com/nix-rust/nix/pull/1983
- https://github.com/nix-rust/nix/issues/1990
- https://github.com/nix-rust/nix/pull/1992
- https://github.com/nix-rust/nix/pull/1993
"""
aggregated-from = "https://fuchsia.googlesource.com/fuchsia/+/refs/heads/main/third_party/rust_crates/supply-chain/audits.toml?format=TEXT"

[[audits.google.audits.object]]
who = "George Burgess IV <gbiv@google.com>"
criteria = "safe-to-run"
version = "0.30.3"
notes = "I'm not counting the code related to the GNU Hash section as crypto for the sake of this review."
aggregated-from = "https://chromium.googlesource.com/chromiumos/third_party/rust_crates/+/refs/heads/main/cargo-vet/audits.toml?format=TEXT"

[[audits.google.audits.object]]
who = "George Burgess IV <gbiv@google.com>"
criteria = "safe-to-run"
delta = "0.30.3 -> 0.31.1"
aggregated-from = "https://chromium.googlesource.com/chromiumos/third_party/rust_crates/+/refs/heads/main/cargo-vet/audits.toml?format=TEXT"

[[audits.google.audits.object]]
who = "George Burgess IV <gbiv@google.com>"
criteria = "safe-to-run"
delta = "0.31.1 -> 0.32.1"
aggregated-from = "https://chromium.googlesource.com/chromiumos/third_party/rust_crates/+/refs/heads/main/cargo-vet/audits.toml?format=TEXT"

[[audits.google.audits.parking_lot]]
who = "George Burgess IV <gbiv@google.com>"
criteria = "safe-to-run"
version = "0.11.2"
aggregated-from = "https://chromium.googlesource.com/chromiumos/third_party/rust_crates/+/refs/heads/main/cargo-vet/audits.toml?format=TEXT"

[[audits.google.audits.same-file]]
who = "Android Legacy"
criteria = "safe-to-run"
version = "1.0.6"
aggregated-from = "https://chromium.googlesource.com/chromiumos/third_party/rust_crates/+/refs/heads/main/cargo-vet/audits.toml?format=TEXT"

[[audits.google.audits.stable_deref_trait]]
who = "George Burgess IV <gbiv@google.com>"
criteria = "safe-to-run"
version = "1.2.0"
aggregated-from = "https://chromium.googlesource.com/chromiumos/third_party/rust_crates/+/refs/heads/main/cargo-vet/audits.toml?format=TEXT"

[[audits.google.audits.thiserror]]
who = "Abhishek Pandit-Subedi <abhishekpandit@google.com>"
criteria = "safe-to-run"
version = "1.0.50"
aggregated-from = "https://chromium.googlesource.com/chromiumos/third_party/rust_crates/+/refs/heads/main/cargo-vet/audits.toml?format=TEXT"

[[audits.google.audits.thiserror-impl]]
who = "Abhishek Pandit-Subedi <abhishekpandit@google.com>"
criteria = "safe-to-run"
version = "1.0.50"
aggregated-from = "https://chromium.googlesource.com/chromiumos/third_party/rust_crates/+/refs/heads/main/cargo-vet/audits.toml?format=TEXT"

[[audits.google.audits.version_check]]
who = "George Burgess IV <gbiv@google.com>"
criteria = "safe-to-deploy"
version = "0.9.4"
aggregated-from = "https://chromium.googlesource.com/chromiumos/third_party/rust_crates/+/refs/heads/main/cargo-vet/audits.toml?format=TEXT"

[[audits.isrg.audits.either]]
who = "David Cook <dcook@divviup.org>"
criteria = "safe-to-deploy"
version = "1.6.1"

[[audits.isrg.audits.num-traits]]
who = "David Cook <dcook@divviup.org>"
criteria = "safe-to-deploy"
delta = "0.2.15 -> 0.2.16"

[[audits.isrg.audits.num-traits]]
who = "Ameer Ghani <inahga@divviup.org>"
criteria = "safe-to-deploy"
delta = "0.2.16 -> 0.2.17"

[[audits.isrg.audits.rayon]]
who = "Brandon Pitman <bran@bran.land>"
criteria = "safe-to-deploy"
delta = "1.6.1 -> 1.7.0"

[[audits.isrg.audits.rayon]]
who = "David Cook <dcook@divviup.org>"
criteria = "safe-to-deploy"
delta = "1.7.0 -> 1.8.0"

[[audits.isrg.audits.rayon-core]]
who = "Brandon Pitman <bran@bran.land>"
criteria = "safe-to-deploy"
delta = "1.10.2 -> 1.11.0"

[[audits.isrg.audits.rayon-core]]
who = "David Cook <dcook@divviup.org>"
criteria = "safe-to-deploy"
delta = "1.11.0 -> 1.12.0"

[[audits.mozilla.audits.autocfg]]
who = "Josh Stone <jistone@redhat.com>"
criteria = "safe-to-deploy"
version = "1.1.0"
notes = "All code written or reviewed by Josh Stone."
aggregated-from = "https://hg.mozilla.org/mozilla-central/raw-file/tip/supply-chain/audits.toml"

[[audits.mozilla.audits.bitflags]]
who = "Teodor Tanasoaia <ttanasoaia@mozilla.com>"
criteria = "safe-to-deploy"
delta = "2.2.1 -> 2.3.2"
aggregated-from = "https://hg.mozilla.org/mozilla-central/raw-file/tip/supply-chain/audits.toml"

[[audits.mozilla.audits.bitflags]]
who = "Jan-Erik Rediger <jrediger@mozilla.com>"
criteria = "safe-to-deploy"
delta = "2.4.0 -> 2.4.1"
notes = "Only allowing new clippy lints"
aggregated-from = "https://raw.githubusercontent.com/mozilla/glean/main/supply-chain/audits.toml"

[[audits.mozilla.audits.debugid]]
who = "Gabriele Svelto <gsvelto@mozilla.com>"
criteria = "safe-to-deploy"
version = "0.8.0"
notes = "This crates was written by Sentry and I've fully audited it as Firefox crash reporting machinery relies on it."
aggregated-from = "https://hg.mozilla.org/mozilla-central/raw-file/tip/supply-chain/audits.toml"

[[audits.mozilla.audits.either]]
who = "Mike Hommey <mh+mozilla@glandium.org>"
criteria = "safe-to-deploy"
delta = "1.6.1 -> 1.7.0"
aggregated-from = "https://hg.mozilla.org/mozilla-central/raw-file/tip/supply-chain/audits.toml"

[[audits.mozilla.audits.either]]
who = "Mike Hommey <mh+mozilla@glandium.org>"
criteria = "safe-to-deploy"
delta = "1.7.0 -> 1.8.0"
aggregated-from = "https://hg.mozilla.org/mozilla-central/raw-file/tip/supply-chain/audits.toml"

[[audits.mozilla.audits.either]]
who = "Mike Hommey <mh+mozilla@glandium.org>"
criteria = "safe-to-deploy"
delta = "1.8.0 -> 1.8.1"
aggregated-from = "https://hg.mozilla.org/mozilla-central/raw-file/tip/supply-chain/audits.toml"

[[audits.mozilla.audits.fastrand]]
who = "Mike Hommey <mh+mozilla@glandium.org>"
criteria = "safe-to-deploy"
delta = "1.9.0 -> 2.0.0"
aggregated-from = "https://hg.mozilla.org/mozilla-central/raw-file/tip/supply-chain/audits.toml"

[[audits.mozilla.audits.getrandom]]
who = "Simon Friedberger <simon@mozilla.com>"
criteria = "safe-to-deploy"
delta = "0.2.10 -> 0.2.11"
aggregated-from = "https://hg.mozilla.org/mozilla-central/raw-file/tip/supply-chain/audits.toml"

[[audits.mozilla.audits.half]]
who = "John M. Schanck <jschanck@mozilla.com>"
criteria = "safe-to-deploy"
version = "1.8.2"
notes = """
This crate contains unsafe code for bitwise casts to/from binary16 floating-point
format. I've reviewed these and found no issues. There are no uses of ambient
capabilities.
"""
aggregated-from = "https://hg.mozilla.org/mozilla-central/raw-file/tip/supply-chain/audits.toml"

[[audits.mozilla.audits.lazy_static]]
who = "Nika Layzell <nika@thelayzells.com>"
criteria = "safe-to-deploy"
version = "1.4.0"
notes = "I have read over the macros, and audited the unsafe code."
aggregated-from = "https://raw.githubusercontent.com/mozilla/cargo-vet/main/supply-chain/audits.toml"

[[audits.mozilla.audits.num-traits]]
who = "Josh Stone <jistone@redhat.com>"
criteria = "safe-to-deploy"
version = "0.2.15"
notes = "All code written or reviewed by Josh Stone."
aggregated-from = "https://hg.mozilla.org/mozilla-central/raw-file/tip/supply-chain/audits.toml"

[[audits.mozilla.audits.rayon]]
who = "Josh Stone <jistone@redhat.com>"
criteria = "safe-to-deploy"
version = "1.5.3"
notes = "All code written or reviewed by Josh Stone or Niko Matsakis."
aggregated-from = "https://hg.mozilla.org/mozilla-central/raw-file/tip/supply-chain/audits.toml"

[[audits.mozilla.audits.rayon]]
who = "Mike Hommey <mh+mozilla@glandium.org>"
criteria = "safe-to-deploy"
delta = "1.5.3 -> 1.6.1"
aggregated-from = "https://hg.mozilla.org/mozilla-central/raw-file/tip/supply-chain/audits.toml"

[[audits.mozilla.audits.rayon-core]]
who = "Josh Stone <jistone@redhat.com>"
criteria = "safe-to-deploy"
version = "1.9.3"
notes = "All code written or reviewed by Josh Stone or Niko Matsakis."
aggregated-from = "https://hg.mozilla.org/mozilla-central/raw-file/tip/supply-chain/audits.toml"

[[audits.mozilla.audits.rayon-core]]
who = "Mike Hommey <mh+mozilla@glandium.org>"
criteria = "safe-to-deploy"
delta = "1.9.3 -> 1.10.1"
aggregated-from = "https://hg.mozilla.org/mozilla-central/raw-file/tip/supply-chain/audits.toml"

[[audits.mozilla.audits.rayon-core]]
who = "Mike Hommey <mh+mozilla@glandium.org>"
criteria = "safe-to-deploy"
delta = "1.10.1 -> 1.10.2"
aggregated-from = "https://hg.mozilla.org/mozilla-central/raw-file/tip/supply-chain/audits.toml"

[[audits.mozilla.audits.rustc-hash]]
who = "Bobby Holley <bobbyholley@gmail.com>"
criteria = "safe-to-deploy"
version = "1.1.0"
notes = "Straightforward crate with no unsafe code, does what it says on the tin."
aggregated-from = "https://hg.mozilla.org/mozilla-central/raw-file/tip/supply-chain/audits.toml"

[[audits.zcash.audits.either]]
who = "Jack Grigg <jack@electriccoin.co>"
criteria = "safe-to-deploy"
delta = "1.8.1 -> 1.9.0"
aggregated-from = "https://raw.githubusercontent.com/zcash/zcash/master/qa/supply-chain/audits.toml"

[[audits.zcash.audits.nix]]
who = "Jack Grigg <jack@electriccoin.co>"
criteria = "safe-to-deploy"
delta = "0.26.2 -> 0.26.4"
notes = """
Most of the `unsafe` changes are cleaning up their usage:
- Replacing `data.len() * std::mem::size_of::<$ty>()` with `std::mem::size_of_val(data)`.
- Removing some `mem::transmute`s.
- Using `*mut` instead of `*const` to convey intended semantics.

A new unsafe trait method `SockaddrLike::set_length` is added; it's impls look fine.
"""
aggregated-from = "https://raw.githubusercontent.com/zcash/zcash/master/qa/supply-chain/audits.toml"

[[audits.zcash.audits.parking_lot]]
who = "Jack Grigg <jack@z.cash>"
criteria = "safe-to-deploy"
delta = "0.11.2 -> 0.12.1"
notes = "Most `unsafe {}` changes were to reduce the scope of the unsafe blocks. I didn't closely review the migration to the asm! macro but it looks reasonable."
aggregated-from = "https://raw.githubusercontent.com/zcash/zcash/master/qa/supply-chain/audits.toml"

[[audits.zcash.audits.rustc-demangle]]
who = "Sean Bowe <ewillbefull@gmail.com>"
criteria = "safe-to-deploy"
delta = "0.1.21 -> 0.1.22"
aggregated-from = "https://raw.githubusercontent.com/zcash/zcash/master/qa/supply-chain/audits.toml"

[[audits.zcash.audits.rustc-demangle]]
who = "Jack Grigg <jack@electriccoin.co>"
criteria = "safe-to-deploy"
delta = "0.1.22 -> 0.1.23"
aggregated-from = "https://raw.githubusercontent.com/zcash/zcash/master/qa/supply-chain/audits.toml"
